{
  "name": "dairy-website-template",
  "lockfileVersion": 2,
  "requires": true,
  "packages": {
    "": {
      "dependencies": {
        "timeme.js": "^2.1.0"
      }
    },
    "node_modules/timeme.js": {
      "version": "2.1.0",
      "resolved": "https://registry.npmjs.org/timeme.js/-/timeme.js-2.1.0.tgz",
      "integrity": "sha512-2IAW0wqXAEVD8Vh+gpSqnsglLjnb06dDT9ypOsfKEqUrRMelsXW5hexfKIKg2woGSbBxp7zqbPYrMWZNdYYgDQ=="
    }
  },
  "dependencies": {
    "timeme.js": {
      "version": "2.1.0",
      "resolved": "https://registry.npmjs.org/timeme.js/-/timeme.js-2.1.0.tgz",
      "integrity": "sha512-2IAW0wqXAEVD8Vh+gpSqnsglLjnb06dDT9ypOsfKEqUrRMelsXW5hexfKIKg2woGSbBxp7zqbPYrMWZNdYYgDQ=="
    }
  }
}
